
Microsoft Visual Studio Solution File, Format Version 12.00
# Visual Studio Version 17
VisualStudioVersion = 17.4.33403.182
MinimumVisualStudioVersion = 10.0.40219.1
Project("{9A19103F-16F7-4668-BE54-9A1E7A4F7556}") = "StockPortfolioTracker.Data", "StockPortfolioTracker.Data\StockPortfolioTracker.Data.csproj", "{C669DCFE-ECB2-4710-A366-4DBD1EE31996}"
EndProject
Project("{9A19103F-16F7-4668-BE54-9A1E7A4F7556}") = "StockPortfolioTracker.Logic", "StockPortfolioTracker.Logic\StockPortfolioTracker.Logic.csproj", "{7F2588BE-0469-498C-AA8C-E6571EB40D40}"
EndProject
Project("{9A19103F-16F7-4668-BE54-9A1E7A4F7556}") = "StockPortfolioTracker.Test", "StockPortfolioTracker.Test\StockPortfolioTracker.Test.csproj", "{29111905-C5E2-4DD2-A985-F21007C90E21}"
EndProject
Project("{9A19103F-16F7-4668-BE54-9A1E7A4F7556}") = "StockPortfolioTracker.Web", "StockPortfolioTracker.Web\StockPortfolioTracker.Web.csproj", "{9679B0E4-E8D2-4D26-A85D-863C64C5E2D7}"
EndProject
Project("{9A19103F-16F7-4668-BE54-9A1E7A4F7556}") = "StockPortfolioTracker.Common", "StockPortfolioTracker.Common\StockPortfolioTracker.Common.csproj", "{0F412AF4-A9A5-4E5D-8110-82A9C023F55E}"
EndProject
Project("{9A19103F-16F7-4668-BE54-9A1E7A4F7556}") = "StockPortfolioTracker.ApiGateway", "StockPortfolioTracker.ApiGateway\StockPortfolioTracker.ApiGateway.csproj", "{2831DEFF-18A7-4AA4-A0A6-D6D8EDBCA6FB}"
EndProject
Project("{2150E333-8FDC-42A3-9474-1A3956D46DE8}") = "MicroServices", "MicroServices", "{46DE8486-8B5D-41B9-95FF-BDDBD9715817}"
EndProject
Project("{9A19103F-16F7-4668-BE54-9A1E7A4F7556}") = "Authentication", "MicroServices\Authentication\Authentication.csproj", "{451221D0-D403-4CE5-A979-26D678AAF7C3}"
EndProject
Project("{FAE04EC0-301F-11D3-BF4B-00C04F79EFBC}") = "UserManagement", "MicroServices\UserManagement\UserManagement.csproj", "{50056A8D-8627-4FF0-B65D-DB95243F2833}"
EndProject
Global
	GlobalSection(SolutionConfigurationPlatforms) = preSolution
		Debug|Any CPU = Debug|Any CPU
		Release|Any CPU = Release|Any CPU
	EndGlobalSection
	GlobalSection(ProjectConfigurationPlatforms) = postSolution
		{C669DCFE-ECB2-4710-A366-4DBD1EE31996}.Debug|Any CPU.ActiveCfg = Debug|Any CPU
		{C669DCFE-ECB2-4710-A366-4DBD1EE31996}.Debug|Any CPU.Build.0 = Debug|Any CPU
		{C669DCFE-ECB2-4710-A366-4DBD1EE31996}.Release|Any CPU.ActiveCfg = Release|Any CPU
		{C669DCFE-ECB2-4710-A366-4DBD1EE31996}.Release|Any CPU.Build.0 = Release|Any CPU
		{7F2588BE-0469-498C-AA8C-E6571EB40D40}.Debug|Any CPU.ActiveCfg = Debug|Any CPU
		{7F2588BE-0469-498C-AA8C-E6571EB40D40}.Debug|Any CPU.Build.0 = Debug|Any CPU
		{7F2588BE-0469-498C-AA8C-E6571EB40D40}.Release|Any CPU.ActiveCfg = Release|Any CPU
		{7F2588BE-0469-498C-AA8C-E6571EB40D40}.Release|Any CPU.Build.0 = Release|Any CPU
		{29111905-C5E2-4DD2-A985-F21007C90E21}.Debug|Any CPU.ActiveCfg = Debug|Any CPU
		{29111905-C5E2-4DD2-A985-F21007C90E21}.Debug|Any CPU.Build.0 = Debug|Any CPU
		{29111905-C5E2-4DD2-A985-F21007C90E21}.Release|Any CPU.ActiveCfg = Release|Any CPU
		{29111905-C5E2-4DD2-A985-F21007C90E21}.Release|Any CPU.Build.0 = Release|Any CPU
		{9679B0E4-E8D2-4D26-A85D-863C64C5E2D7}.Debug|Any CPU.ActiveCfg = Debug|Any CPU
		{9679B0E4-E8D2-4D26-A85D-863C64C5E2D7}.Debug|Any CPU.Build.0 = Debug|Any CPU
		{9679B0E4-E8D2-4D26-A85D-863C64C5E2D7}.Release|Any CPU.ActiveCfg = Release|Any CPU
		{9679B0E4-E8D2-4D26-A85D-863C64C5E2D7}.Release|Any CPU.Build.0 = Release|Any CPU
		{0F412AF4-A9A5-4E5D-8110-82A9C023F55E}.Debug|Any CPU.ActiveCfg = Debug|Any CPU
		{0F412AF4-A9A5-4E5D-8110-82A9C023F55E}.Debug|Any CPU.Build.0 = Debug|Any CPU
		{0F412AF4-A9A5-4E5D-8110-82A9C023F55E}.Release|Any CPU.ActiveCfg = Release|Any CPU
		{0F412AF4-A9A5-4E5D-8110-82A9C023F55E}.Release|Any CPU.Build.0 = Release|Any CPU
		{2831DEFF-18A7-4AA4-A0A6-D6D8EDBCA6FB}.Debug|Any CPU.ActiveCfg = Debug|Any CPU
		{2831DEFF-18A7-4AA4-A0A6-D6D8EDBCA6FB}.Debug|Any CPU.Build.0 = Debug|Any CPU
		{2831DEFF-18A7-4AA4-A0A6-D6D8EDBCA6FB}.Release|Any CPU.ActiveCfg = Release|Any CPU
		{2831DEFF-18A7-4AA4-A0A6-D6D8EDBCA6FB}.Release|Any CPU.Build.0 = Release|Any CPU
		{451221D0-D403-4CE5-A979-26D678AAF7C3}.Debug|Any CPU.ActiveCfg = Debug|Any CPU
		{451221D0-D403-4CE5-A979-26D678AAF7C3}.Debug|Any CPU.Build.0 = Debug|Any CPU
		{451221D0-D403-4CE5-A979-26D678AAF7C3}.Release|Any CPU.ActiveCfg = Release|Any CPU
		{451221D0-D403-4CE5-A979-26D678AAF7C3}.Release|Any CPU.Build.0 = Release|Any CPU
		{50056A8D-8627-4FF0-B65D-DB95243F2833}.Debug|Any CPU.ActiveCfg = Debug|Any CPU
		{50056A8D-8627-4FF0-B65D-DB95243F2833}.Debug|Any CPU.Build.0 = Debug|Any CPU
		{50056A8D-8627-4FF0-B65D-DB95243F2833}.Release|Any CPU.ActiveCfg = Release|Any CPU
		{50056A8D-8627-4FF0-B65D-DB95243F2833}.Release|Any CPU.Build.0 = Release|Any CPU
	EndGlobalSection
	GlobalSection(SolutionProperties) = preSolution
		HideSolutionNode = FALSE
	EndGlobalSection
	GlobalSection(NestedProjects) = preSolution
		{451221D0-D403-4CE5-A979-26D678AAF7C3} = {46DE8486-8B5D-41B9-95FF-BDDBD9715817}
		{50056A8D-8627-4FF0-B65D-DB95243F2833} = {46DE8486-8B5D-41B9-95FF-BDDBD9715817}
	EndGlobalSection
	GlobalSection(ExtensibilityGlobals) = postSolution
		SolutionGuid = {6C9EBC27-80E4-4FD4-A796-F57DF4CEB360}
	EndGlobalSection
EndGlobal
